
Microsoft Visual Studio Solution File, Format Version 12.00
# Visual Studio Version 17
VisualStudioVersion = 17.14.36202.13
MinimumVisualStudioVersion = 10.0.40219.1
Project("{FAE04EC0-301F-11D3-BF4B-00C04F79EFBC}") = "PasswordStealler", "PasswordStealler\PasswordStealler.csproj", "{02EDFA04-33C7-4EB2-A80B-C21045056B3E}"
EndProject
Project("{FAE04EC0-301F-11D3-BF4B-00C04F79EFBC}") = "WSCPPasswordStealler", "WSCPPasswordStealler\WSCPPasswordStealler.csproj", "{23D9E67B-24A7-4651-A32C-0C1AB3FE0588}"
EndProject
Project("{FAE04EC0-301F-11D3-BF4B-00C04F79EFBC}") = "SCRTPasswordStealler", "SCRTPasswordStealler\SCRTPasswordStealler.csproj", "{C9E4E020-4854-20EE-C040-9B351A019339}"
EndProject
Project("{FAE04EC0-301F-11D3-BF4B-00C04F79EFBC}") = "MRNGPasswordStealler", "MRNGPasswordStealler\MRNGPasswordStealler.csproj", "{6BF80541-E612-F0C0-6E75-0D22E1DAE73D}"
EndProject
Global
	GlobalSection(SolutionConfigurationPlatforms) = preSolution
		Debug|Any CPU = Debug|Any CPU
		Debug|x64 = Debug|x64
		Release|Any CPU = Release|Any CPU
		Release|x64 = Release|x64
	EndGlobalSection
	GlobalSection(ProjectConfigurationPlatforms) = postSolution
		{02EDFA04-33C7-4EB2-A80B-C21045056B3E}.Debug|Any CPU.ActiveCfg = Debug|Any CPU
		{02EDFA04-33C7-4EB2-A80B-C21045056B3E}.Debug|Any CPU.Build.0 = Debug|Any CPU
		{02EDFA04-33C7-4EB2-A80B-C21045056B3E}.Debug|x64.ActiveCfg = Debug|x64
		{02EDFA04-33C7-4EB2-A80B-C21045056B3E}.Debug|x64.Build.0 = Debug|x64
		{02EDFA04-33C7-4EB2-A80B-C21045056B3E}.Release|Any CPU.ActiveCfg = Release|Any CPU
		{02EDFA04-33C7-4EB2-A80B-C21045056B3E}.Release|Any CPU.Build.0 = Release|Any CPU
		{02EDFA04-33C7-4EB2-A80B-C21045056B3E}.Release|x64.ActiveCfg = Release|x64
		{02EDFA04-33C7-4EB2-A80B-C21045056B3E}.Release|x64.Build.0 = Release|x64
		{23D9E67B-24A7-4651-A32C-0C1AB3FE0588}.Debug|Any CPU.ActiveCfg = Debug|Any CPU
		{23D9E67B-24A7-4651-A32C-0C1AB3FE0588}.Debug|Any CPU.Build.0 = Debug|Any CPU
		{23D9E67B-24A7-4651-A32C-0C1AB3FE0588}.Debug|x64.ActiveCfg = Debug|Any CPU
		{23D9E67B-24A7-4651-A32C-0C1AB3FE0588}.Debug|x64.Build.0 = Debug|Any CPU
		{23D9E67B-24A7-4651-A32C-0C1AB3FE0588}.Release|Any CPU.ActiveCfg = Release|Any CPU
		{23D9E67B-24A7-4651-A32C-0C1AB3FE0588}.Release|Any CPU.Build.0 = Release|Any CPU
		{23D9E67B-24A7-4651-A32C-0C1AB3FE0588}.Release|x64.ActiveCfg = Release|Any CPU
		{23D9E67B-24A7-4651-A32C-0C1AB3FE0588}.Release|x64.Build.0 = Release|Any CPU
		{C9E4E020-4854-20EE-C040-9B351A019339}.Debug|Any CPU.ActiveCfg = Debug|Any CPU
		{C9E4E020-4854-20EE-C040-9B351A019339}.Debug|Any CPU.Build.0 = Debug|Any CPU
		{C9E4E020-4854-20EE-C040-9B351A019339}.Debug|x64.ActiveCfg = Debug|Any CPU
		{C9E4E020-4854-20EE-C040-9B351A019339}.Debug|x64.Build.0 = Debug|Any CPU
		{C9E4E020-4854-20EE-C040-9B351A019339}.Release|Any CPU.ActiveCfg = Release|Any CPU
		{C9E4E020-4854-20EE-C040-9B351A019339}.Release|Any CPU.Build.0 = Release|Any CPU
		{C9E4E020-4854-20EE-C040-9B351A019339}.Release|x64.ActiveCfg = Release|Any CPU
		{C9E4E020-4854-20EE-C040-9B351A019339}.Release|x64.Build.0 = Release|Any CPU
		{6BF80541-E612-F0C0-6E75-0D22E1DAE73D}.Debug|Any CPU.ActiveCfg = Debug|Any CPU
		{6BF80541-E612-F0C0-6E75-0D22E1DAE73D}.Debug|Any CPU.Build.0 = Debug|Any CPU
		{6BF80541-E612-F0C0-6E75-0D22E1DAE73D}.Debug|x64.ActiveCfg = Debug|x64
		{6BF80541-E612-F0C0-6E75-0D22E1DAE73D}.Debug|x64.Build.0 = Debug|x64
		{6BF80541-E612-F0C0-6E75-0D22E1DAE73D}.Release|Any CPU.ActiveCfg = Release|Any CPU
		{6BF80541-E612-F0C0-6E75-0D22E1DAE73D}.Release|Any CPU.Build.0 = Release|Any CPU
		{6BF80541-E612-F0C0-6E75-0D22E1DAE73D}.Release|x64.ActiveCfg = Release|x64
		{6BF80541-E612-F0C0-6E75-0D22E1DAE73D}.Release|x64.Build.0 = Release|x64
	EndGlobalSection
	GlobalSection(SolutionProperties) = preSolution
		HideSolutionNode = FALSE
	EndGlobalSection
	GlobalSection(ExtensibilityGlobals) = postSolution
		SolutionGuid = {9D6C0414-73E8-4AA3-A915-6A2F2EEF4887}
	EndGlobalSection
EndGlobal
